<?xml version="1.0" encoding="utf-8"?>
<Project ToolsVersion="4.0" xmlns="http://schemas.microsoft.com/developer/msbuild/2003">
  <ItemGroup>
    <Filter Include="CBT">
      <UniqueIdentifier>{BED8870B-2AE2-877C-B35D-9E7C1F66937C}</UniqueIdentifier>
    </Filter>
    <Filter Include="CBT\Events">
      <UniqueIdentifier>{E282969D-CE3A-D8EA-3742-B146231973DB}</UniqueIdentifier>
    </Filter>
    <Filter Include="CBT\ImGui">
      <UniqueIdentifier>{6864CB0C-D4CE-7F83-1D0D-312989B65DD8}</UniqueIdentifier>
    </Filter>
    <Filter Include="Platforms">
      <UniqueIdentifier>{DDACA145-4917-56BC-9255-0762FEFE3311}</UniqueIdentifier>
    </Filter>
    <Filter Include="Platforms\OpenGL">
      <UniqueIdentifier>{719BB998-5D94-D8EA-86C6-BD6F721EB8F6}</UniqueIdentifier>
    </Filter>
    <Filter Include="Platforms\Windwos">
      <UniqueIdentifier>{17050908-831B-079E-CC92-92BF38E8D725}</UniqueIdentifier>
    </Filter>
  </ItemGroup>
  <ItemGroup>
    <ClInclude Include="src\CBT.h" />
    <ClInclude Include="src\CBT\Application.h">
      <Filter>CBT</Filter>
    </ClInclude>
    <ClInclude Include="src\CBT\Core.h">
      <Filter>CBT</Filter>
    </ClInclude>
    <ClInclude Include="src\CBT\EntryPoint.h">
      <Filter>CBT</Filter>
    </ClInclude>
    <ClInclude Include="src\CBT\Events\ApplicationEvent.h">
      <Filter>CBT\Events</Filter>
    </ClInclude>
    <ClInclude Include="src\CBT\Events\Event.h">
      <Filter>CBT\Events</Filter>
    </ClInclude>
    <ClInclude Include="src\CBT\Events\KeyEvent.h">
      <Filter>CBT\Events</Filter>
    </ClInclude>
    <ClInclude Include="src\CBT\Events\MouseEvent.h">
      <Filter>CBT\Events</Filter>
    </ClInclude>
    <ClInclude Include="src\CBT\ImGui\ImGuiLayer.h">
      <Filter>CBT\ImGui</Filter>
    </ClInclude>
    <ClInclude Include="src\CBT\Layer.h">
      <Filter>CBT</Filter>
    </ClInclude>
    <ClInclude Include="src\CBT\LayerStack.h">
      <Filter>CBT</Filter>
    </ClInclude>
    <ClInclude Include="src\CBT\Log.h">
      <Filter>CBT</Filter>
    </ClInclude>
    <ClInclude Include="src\CBT\Window.h">
      <Filter>CBT</Filter>
    </ClInclude>
    <ClInclude Include="src\CBTpch.h" />
    <ClInclude Include="src\Camera.h" />
    <ClInclude Include="src\Input.h" />
    <ClInclude Include="src\Model.h" />
    <ClInclude Include="src\Platforms\OpenGL\ImGuiOpenGLRenderer.h">
      <Filter>Platforms\OpenGL</Filter>
    </ClInclude>
    <ClInclude Include="src\Platforms\OpenGL\imgui_impl_glfw.h">
      <Filter>Platforms\OpenGL</Filter>
    </ClInclude>
    <ClInclude Include="src\Platforms\OpenGL\imgui_impl_opengl3_loader.h">
      <Filter>Platforms\OpenGL</Filter>
    </ClInclude>
    <ClInclude Include="src\Platforms\Windwos\WindowsWindow.h">
      <Filter>Platforms\Windwos</Filter>
    </ClInclude>
    <ClInclude Include="src\Render3D.h" />
    <ClInclude Include="src\Shader.h" />
    <ClInclude Include="src\Triangle.h" />
    <ClInclude Include="src\WindowsInput.h" />
    <ClInclude Include="Textures.h" />
  </ItemGroup>
  <ItemGroup>
    <ClCompile Include="src\CBT\Application.cpp">
      <Filter>CBT</Filter>
    </ClCompile>
    <ClCompile Include="src\CBT\ImGui\ImGuiLayer.cpp">
      <Filter>CBT\ImGui</Filter>
    </ClCompile>
    <ClCompile Include="src\CBT\Layer.cpp">
      <Filter>CBT</Filter>
    </ClCompile>
    <ClCompile Include="src\CBT\LayerStack.cpp">
      <Filter>CBT</Filter>
    </ClCompile>
    <ClCompile Include="src\CBT\Log.cpp">
      <Filter>CBT</Filter>
    </ClCompile>
    <ClCompile Include="src\CBTpch.cpp" />
    <ClCompile Include="src\Camera.cpp" />
    <ClCompile Include="src\Model.cpp" />
    <ClCompile Include="src\Platforms\OpenGL\ImGuiOpenGLRenderer.cpp">
      <Filter>Platforms\OpenGL</Filter>
    </ClCompile>
    <ClCompile Include="src\Platforms\OpenGL\imgui_impl_glfw.cpp">
      <Filter>Platforms\OpenGL</Filter>
    </ClCompile>
    <ClCompile Include="src\Platforms\Windwos\WindowsWindow.cpp">
      <Filter>Platforms\Windwos</Filter>
    </ClCompile>
    <ClCompile Include="src\Render3D.cpp" />
    <ClCompile Include="src\Shader.cpp" />
    <ClCompile Include="src\Triangle.cpp" />
    <ClCompile Include="src\WindowsInput.cpp" />
    <ClCompile Include="Textures.cpp" />
    <ClCompile Include="ImageSTB.cpp" />
  </ItemGroup>
</Project>