<?xml version="1.0" encoding="utf-8"?>
<Project ToolsVersion="4.0" xmlns="http://schemas.microsoft.com/developer/msbuild/2003">
  <ItemGroup>
    <Filter Include="CBT">
      <UniqueIdentifier>{BED8870B-2AE2-877C-B35D-9E7C1F66937C}</UniqueIdentifier>
    </Filter>
    <Filter Include="CBT\Events">
      <UniqueIdentifier>{E282969D-CE3A-D8EA-3742-B146231973DB}</UniqueIdentifier>
    </Filter>
    <Filter Include="Platforms">
      <UniqueIdentifier>{a6a31aa7-d6f9-46cc-8802-8ecef1be1d6f}</UniqueIdentifier>
    </Filter>
    <Filter Include="Platforms\Windows">
      <UniqueIdentifier>{d8a1c4ac-e75a-4d51-a1b1-2f6b38650d9d}</UniqueIdentifier>
    </Filter>
  </ItemGroup>
  <ItemGroup>
    <ClInclude Include="src\CBT.h" />
    <ClInclude Include="src\CBT\Application.h">
      <Filter>CBT</Filter>
    </ClInclude>
    <ClInclude Include="src\CBT\Core.h">
      <Filter>CBT</Filter>
    </ClInclude>
    <ClInclude Include="src\CBT\EntryPoint.h">
      <Filter>CBT</Filter>
    </ClInclude>
    <ClInclude Include="src\CBT\Events\ApplicationEvent.h">
      <Filter>CBT\Events</Filter>
    </ClInclude>
    <ClInclude Include="src\CBT\Events\Event.h">
      <Filter>CBT\Events</Filter>
    </ClInclude>
    <ClInclude Include="src\CBT\Events\KeyEvent.h">
      <Filter>CBT\Events</Filter>
    </ClInclude>
    <ClInclude Include="src\CBT\Events\MouseEvent.h">
      <Filter>CBT\Events</Filter>
    </ClInclude>
    <ClInclude Include="src\CBT\Log.h">
      <Filter>CBT</Filter>
    </ClInclude>
    <ClInclude Include="src\CBT\Window.h">
      <Filter>CBT</Filter>
    </ClInclude>
    <ClInclude Include="src\CBTpch.h" />
    <ClInclude Include="src\Platforms\Windwos\WindowsWindow.h">
      <Filter>Platforms\Windows</Filter>
    </ClInclude>
  </ItemGroup>
  <ItemGroup>
    <ClCompile Include="src\CBT\Application.cpp">
      <Filter>CBT</Filter>
    </ClCompile>
    <ClCompile Include="src\CBT\Log.cpp">
      <Filter>CBT</Filter>
    </ClCompile>
    <ClCompile Include="src\CBTpch.cpp" />
    <ClCompile Include="src\Platforms\Windwos\WindowsWindow.cpp">
      <Filter>Platforms\Windows</Filter>
    </ClCompile>
  </ItemGroup>
</Project>